
Microsoft Visual Studio Solution File, Format Version 12.00
# Visual Studio Version 16
VisualStudioVersion = 16.0.31005.135
MinimumVisualStudioVersion = 10.0.40219.1
Project("{2150E333-8FDC-42A3-9474-1A3956D46DE8}") = "AuthenticationService", "AuthenticationService", "{7AE45C4F-D045-46A2-91C9-E4CFF6D9DF7D}"
EndProject
Project("{2150E333-8FDC-42A3-9474-1A3956D46DE8}") = "TweetService", "TweetService", "{C6497817-BCDD-49F4-BD95-BF4F0D3446D2}"
EndProject
Project("{2150E333-8FDC-42A3-9474-1A3956D46DE8}") = "ProfileService", "ProfileService", "{03B2D698-A830-4B23-8DB8-221BD5AAF4A7}"
EndProject
Project("{2150E333-8FDC-42A3-9474-1A3956D46DE8}") = "FollowingService", "FollowingService", "{7D0FA1C8-2C4E-4977-AD39-F582599919C2}"
EndProject
Project("{9A19103F-16F7-4668-BE54-9A1E7A4F7556}") = "Kwetter.AuthenticationService", "AuthenticationServices\Kwetter.AuthenticationService\Kwetter.AuthenticationService.csproj", "{0B0F5846-EBD2-4D1B-9749-C41F841BD7E0}"
EndProject
Project("{9A19103F-16F7-4668-BE54-9A1E7A4F7556}") = "Kwetter.FollowingService", "FollowingServices\Kwetter.FollowingService\Kwetter.FollowingService.csproj", "{CB7AF745-B394-44A4-B9C9-E4CD6730BD58}"
EndProject
Project("{9A19103F-16F7-4668-BE54-9A1E7A4F7556}") = "Kwetter.ProfileService", "ProfileServices\Kwetter.ProfileService\Kwetter.ProfileService.csproj", "{802076D5-865E-424A-858D-118ACCF311AF}"
EndProject
Project("{9A19103F-16F7-4668-BE54-9A1E7A4F7556}") = "Kwetter.TweetService", "TweetServices\Kwetter.TweetService\Kwetter.TweetService.csproj", "{14BCEF20-E07C-4FDD-88AB-88145BE886FD}"
EndProject
Project("{9A19103F-16F7-4668-BE54-9A1E7A4F7556}") = "Kwetter.TweetService.Persistence", "TweetServices\Kwetter.TweetService.Persistence\Kwetter.TweetService.Persistence.csproj", "{6C341BEA-6269-44CA-A3BF-7745A644859B}"
EndProject
Project("{9A19103F-16F7-4668-BE54-9A1E7A4F7556}") = "Kwetter.AuthenticationService.Persistence", "AuthenticationServices\Kwetter.AuthenticationService.Persistence\Kwetter.AuthenticationService.Persistence.csproj", "{E163CA72-B372-4539-9B49-3234EEE33FD1}"
EndProject
Project("{9A19103F-16F7-4668-BE54-9A1E7A4F7556}") = "Kwetter.FollowingService.Persistence", "FollowingServices\Kwetter.FollowingService.Persistence\Kwetter.FollowingService.Persistence.csproj", "{7BB157CF-5B5F-4B52-AC73-B6D0F07213E8}"
EndProject
Project("{9A19103F-16F7-4668-BE54-9A1E7A4F7556}") = "Kwetter.ProfileService.Persistence", "ProfileServices\Kwetter.ProfileService.Persistence\Kwetter.ProfileService.Persistence.csproj", "{4FE39C45-1AE5-4630-86D3-0E928C5CA38A}"
EndProject
Project("{9A19103F-16F7-4668-BE54-9A1E7A4F7556}") = "Kwetter.AuthenticationService.Tests", "AuthenticationServices\Kwetter.AuthenticationService.Tests\Kwetter.AuthenticationService.Tests.csproj", "{057EC055-EC0E-4D63-B97B-3AA014F12BAB}"
EndProject
Project("{9A19103F-16F7-4668-BE54-9A1E7A4F7556}") = "Kwetter.FollowingService.Tests", "FollowingServices\Kwetter.FollowingService.Tests\Kwetter.FollowingService.Tests.csproj", "{33BE4F97-C7DC-402B-B2A7-82B03B637DF2}"
EndProject
Project("{FAE04EC0-301F-11D3-BF4B-00C04F79EFBC}") = "Kwetter.TweetService.Tests", "TweetServices\Kwetter.TweetService.Tests\Kwetter.TweetService.Tests.csproj", "{27A2D27E-F399-4290-9D8B-204DBF918F4E}"
EndProject
Project("{FAE04EC0-301F-11D3-BF4B-00C04F79EFBC}") = "Kwetter.ProfileService.Tests", "ProfileServices\Kwetter.ProfileService.Tests\Kwetter.ProfileService.Tests.csproj", "{86E6A377-4506-414F-ADB1-1B0045B2844A}"
EndProject
Global
	GlobalSection(SolutionConfigurationPlatforms) = preSolution
		Debug|Any CPU = Debug|Any CPU
		Release|Any CPU = Release|Any CPU
	EndGlobalSection
	GlobalSection(ProjectConfigurationPlatforms) = postSolution
		{0B0F5846-EBD2-4D1B-9749-C41F841BD7E0}.Debug|Any CPU.ActiveCfg = Debug|Any CPU
		{0B0F5846-EBD2-4D1B-9749-C41F841BD7E0}.Debug|Any CPU.Build.0 = Debug|Any CPU
		{0B0F5846-EBD2-4D1B-9749-C41F841BD7E0}.Release|Any CPU.ActiveCfg = Release|Any CPU
		{0B0F5846-EBD2-4D1B-9749-C41F841BD7E0}.Release|Any CPU.Build.0 = Release|Any CPU
		{CB7AF745-B394-44A4-B9C9-E4CD6730BD58}.Debug|Any CPU.ActiveCfg = Debug|Any CPU
		{CB7AF745-B394-44A4-B9C9-E4CD6730BD58}.Debug|Any CPU.Build.0 = Debug|Any CPU
		{CB7AF745-B394-44A4-B9C9-E4CD6730BD58}.Release|Any CPU.ActiveCfg = Release|Any CPU
		{CB7AF745-B394-44A4-B9C9-E4CD6730BD58}.Release|Any CPU.Build.0 = Release|Any CPU
		{802076D5-865E-424A-858D-118ACCF311AF}.Debug|Any CPU.ActiveCfg = Debug|Any CPU
		{802076D5-865E-424A-858D-118ACCF311AF}.Debug|Any CPU.Build.0 = Debug|Any CPU
		{802076D5-865E-424A-858D-118ACCF311AF}.Release|Any CPU.ActiveCfg = Release|Any CPU
		{802076D5-865E-424A-858D-118ACCF311AF}.Release|Any CPU.Build.0 = Release|Any CPU
		{14BCEF20-E07C-4FDD-88AB-88145BE886FD}.Debug|Any CPU.ActiveCfg = Debug|Any CPU
		{14BCEF20-E07C-4FDD-88AB-88145BE886FD}.Debug|Any CPU.Build.0 = Debug|Any CPU
		{14BCEF20-E07C-4FDD-88AB-88145BE886FD}.Release|Any CPU.ActiveCfg = Release|Any CPU
		{14BCEF20-E07C-4FDD-88AB-88145BE886FD}.Release|Any CPU.Build.0 = Release|Any CPU
		{6C341BEA-6269-44CA-A3BF-7745A644859B}.Debug|Any CPU.ActiveCfg = Debug|Any CPU
		{6C341BEA-6269-44CA-A3BF-7745A644859B}.Debug|Any CPU.Build.0 = Debug|Any CPU
		{6C341BEA-6269-44CA-A3BF-7745A644859B}.Release|Any CPU.ActiveCfg = Release|Any CPU
		{6C341BEA-6269-44CA-A3BF-7745A644859B}.Release|Any CPU.Build.0 = Release|Any CPU
		{E163CA72-B372-4539-9B49-3234EEE33FD1}.Debug|Any CPU.ActiveCfg = Debug|Any CPU
		{E163CA72-B372-4539-9B49-3234EEE33FD1}.Debug|Any CPU.Build.0 = Debug|Any CPU
		{E163CA72-B372-4539-9B49-3234EEE33FD1}.Release|Any CPU.ActiveCfg = Release|Any CPU
		{E163CA72-B372-4539-9B49-3234EEE33FD1}.Release|Any CPU.Build.0 = Release|Any CPU
		{7BB157CF-5B5F-4B52-AC73-B6D0F07213E8}.Debug|Any CPU.ActiveCfg = Debug|Any CPU
		{7BB157CF-5B5F-4B52-AC73-B6D0F07213E8}.Debug|Any CPU.Build.0 = Debug|Any CPU
		{7BB157CF-5B5F-4B52-AC73-B6D0F07213E8}.Release|Any CPU.ActiveCfg = Release|Any CPU
		{7BB157CF-5B5F-4B52-AC73-B6D0F07213E8}.Release|Any CPU.Build.0 = Release|Any CPU
		{4FE39C45-1AE5-4630-86D3-0E928C5CA38A}.Debug|Any CPU.ActiveCfg = Debug|Any CPU
		{4FE39C45-1AE5-4630-86D3-0E928C5CA38A}.Debug|Any CPU.Build.0 = Debug|Any CPU
		{4FE39C45-1AE5-4630-86D3-0E928C5CA38A}.Release|Any CPU.ActiveCfg = Release|Any CPU
		{4FE39C45-1AE5-4630-86D3-0E928C5CA38A}.Release|Any CPU.Build.0 = Release|Any CPU
		{057EC055-EC0E-4D63-B97B-3AA014F12BAB}.Debug|Any CPU.ActiveCfg = Debug|Any CPU
		{057EC055-EC0E-4D63-B97B-3AA014F12BAB}.Debug|Any CPU.Build.0 = Debug|Any CPU
		{057EC055-EC0E-4D63-B97B-3AA014F12BAB}.Release|Any CPU.ActiveCfg = Release|Any CPU
		{057EC055-EC0E-4D63-B97B-3AA014F12BAB}.Release|Any CPU.Build.0 = Release|Any CPU
		{33BE4F97-C7DC-402B-B2A7-82B03B637DF2}.Debug|Any CPU.ActiveCfg = Debug|Any CPU
		{33BE4F97-C7DC-402B-B2A7-82B03B637DF2}.Debug|Any CPU.Build.0 = Debug|Any CPU
		{33BE4F97-C7DC-402B-B2A7-82B03B637DF2}.Release|Any CPU.ActiveCfg = Release|Any CPU
		{33BE4F97-C7DC-402B-B2A7-82B03B637DF2}.Release|Any CPU.Build.0 = Release|Any CPU
		{27A2D27E-F399-4290-9D8B-204DBF918F4E}.Debug|Any CPU.ActiveCfg = Debug|Any CPU
		{27A2D27E-F399-4290-9D8B-204DBF918F4E}.Debug|Any CPU.Build.0 = Debug|Any CPU
		{27A2D27E-F399-4290-9D8B-204DBF918F4E}.Release|Any CPU.ActiveCfg = Release|Any CPU
		{27A2D27E-F399-4290-9D8B-204DBF918F4E}.Release|Any CPU.Build.0 = Release|Any CPU
		{86E6A377-4506-414F-ADB1-1B0045B2844A}.Debug|Any CPU.ActiveCfg = Debug|Any CPU
		{86E6A377-4506-414F-ADB1-1B0045B2844A}.Debug|Any CPU.Build.0 = Debug|Any CPU
		{86E6A377-4506-414F-ADB1-1B0045B2844A}.Release|Any CPU.ActiveCfg = Release|Any CPU
		{86E6A377-4506-414F-ADB1-1B0045B2844A}.Release|Any CPU.Build.0 = Release|Any CPU
	EndGlobalSection
	GlobalSection(SolutionProperties) = preSolution
		HideSolutionNode = FALSE
	EndGlobalSection
	GlobalSection(NestedProjects) = preSolution
		{0B0F5846-EBD2-4D1B-9749-C41F841BD7E0} = {7AE45C4F-D045-46A2-91C9-E4CFF6D9DF7D}
		{CB7AF745-B394-44A4-B9C9-E4CD6730BD58} = {7D0FA1C8-2C4E-4977-AD39-F582599919C2}
		{802076D5-865E-424A-858D-118ACCF311AF} = {03B2D698-A830-4B23-8DB8-221BD5AAF4A7}
		{14BCEF20-E07C-4FDD-88AB-88145BE886FD} = {C6497817-BCDD-49F4-BD95-BF4F0D3446D2}
		{6C341BEA-6269-44CA-A3BF-7745A644859B} = {C6497817-BCDD-49F4-BD95-BF4F0D3446D2}
		{E163CA72-B372-4539-9B49-3234EEE33FD1} = {7AE45C4F-D045-46A2-91C9-E4CFF6D9DF7D}
		{7BB157CF-5B5F-4B52-AC73-B6D0F07213E8} = {7D0FA1C8-2C4E-4977-AD39-F582599919C2}
		{4FE39C45-1AE5-4630-86D3-0E928C5CA38A} = {03B2D698-A830-4B23-8DB8-221BD5AAF4A7}
		{057EC055-EC0E-4D63-B97B-3AA014F12BAB} = {7AE45C4F-D045-46A2-91C9-E4CFF6D9DF7D}
		{33BE4F97-C7DC-402B-B2A7-82B03B637DF2} = {7D0FA1C8-2C4E-4977-AD39-F582599919C2}
		{27A2D27E-F399-4290-9D8B-204DBF918F4E} = {C6497817-BCDD-49F4-BD95-BF4F0D3446D2}
		{86E6A377-4506-414F-ADB1-1B0045B2844A} = {03B2D698-A830-4B23-8DB8-221BD5AAF4A7}
	EndGlobalSection
	GlobalSection(ExtensibilityGlobals) = postSolution
		SolutionGuid = {57D66AD2-6A33-4E4C-9EDC-68A2A3509CCC}
	EndGlobalSection
EndGlobal
